
Microsoft Visual Studio Solution File, Format Version 12.00
# Visual Studio 2012
Project("{FAE04EC0-301F-11D3-BF4B-00C04F79EFBC}") = "数据库通讯录", "数据库通讯录\数据库通讯录.csproj", "{A9C14D88-F929-43CA-B141-8EA83070CF7B}"
EndProject
Global
	GlobalSection(SolutionConfigurationPlatforms) = preSolution
		Debug|Any CPU = Debug|Any CPU
		Release|Any CPU = Release|Any CPU
	EndGlobalSection
	GlobalSection(ProjectConfigurationPlatforms) = postSolution
		{A9C14D88-F929-43CA-B141-8EA83070CF7B}.Debug|Any CPU.ActiveCfg = Debug|Any CPU
		{A9C14D88-F929-43CA-B141-8EA83070CF7B}.Debug|Any CPU.Build.0 = Debug|Any CPU
		{A9C14D88-F929-43CA-B141-8EA83070CF7B}.Release|Any CPU.ActiveCfg = Release|Any CPU
		{A9C14D88-F929-43CA-B141-8EA83070CF7B}.Release|Any CPU.Build.0 = Release|Any CPU
	EndGlobalSection
	GlobalSection(SolutionProperties) = preSolution
		HideSolutionNode = FALSE
	EndGlobalSection
EndGlobal
